// !$*UTF8*$!
{
	archiveVersion = 1;
	classes = {
	};
	objectVersion = 50;
	objects = {

/* Begin PBXBuildFile section */
		61581E7323C375E1008177BA /* AppDelegate.swift in Sources */ = {isa = PBXBuildFile; fileRef = 61581E7223C375E1008177BA /* AppDelegate.swift */; };
		61581E7523C375E1008177BA /* ViewController.swift in Sources */ = {isa = PBXBuildFile; fileRef = 61581E7423C375E1008177BA /* ViewController.swift */; };
		61581E7823C375E1008177BA /* Main.storyboard in Resources */ = {isa = PBXBuildFile; fileRef = 61581E7623C375E1008177BA /* Main.storyboard */; };
		61581E7A23C375E1008177BA /* Assets.xcassets in Resources */ = {isa = PBXBuildFile; fileRef = 61581E7923C375E1008177BA /* Assets.xcassets */; };
		61581E7D23C375E1008177BA /* LaunchScreen.storyboard in Resources */ = {isa = PBXBuildFile; fileRef = 61581E7B23C375E1008177BA /* LaunchScreen.storyboard */; };
		61581E8823C375E1008177BA /* HBOTests.swift in Sources */ = {isa = PBXBuildFile; fileRef = 61581E8723C375E1008177BA /* HBOTests.swift */; };
		61581E9323C375E1008177BA /* HBOUITests.swift in Sources */ = {isa = PBXBuildFile; fileRef = 61581E9223C375E1008177BA /* HBOUITests.swift */; };
/* End PBXBuildFile section */

/* Begin PBXContainerItemProxy section */
		61581E8423C375E1008177BA /* PBXContainerItemProxy */ = {
			isa = PBXContainerItemProxy;
			containerPortal = 61581E6723C375E0008177BA /* Project object */;
			proxyType = 1;
			remoteGlobalIDString = 61581E6E23C375E1008177BA;
			remoteInfo = HBO;
		};
		61581E8F23C375E1008177BA /* PBXContainerItemProxy */ = {
			isa = PBXContainerItemProxy;
			containerPortal = 61581E6723C375E0008177BA /* Project object */;
			proxyType = 1;
			remoteGlobalIDString = 61581E6E23C375E1008177BA;
			remoteInfo = HBO;
		};
/* End PBXContainerItemProxy section */

/* Begin PBXFileReference section */
		61581E6F23C375E1008177BA /* HBO.app */ = {isa = PBXFileReference; explicitFileType = wrapper.application; includeInIndex = 0; path = HBO.app; sourceTree = BUILT_PRODUCTS_DIR; };
		61581E7223C375E1008177BA /* AppDelegate.swift */ = {isa = PBXFileReference; lastKnownFileType = sourcecode.swift; path = AppDelegate.swift; sourceTree = "<group>"; };
		61581E7423C375E1008177BA /* ViewController.swift */ = {isa = PBXFileReference; lastKnownFileType = sourcecode.swift; path = ViewController.swift; sourceTree = "<group>"; };
		61581E7723C375E1008177BA /* Base */ = {isa = PBXFileReference; lastKnownFileType = file.storyboard; name = Base; path = Base.lproj/Main.storyboard; sourceTree = "<group>"; };
		61581E7923C375E1008177BA /* Assets.xcassets */ = {isa = PBXFileReference; lastKnownFileType = folder.assetcatalog; path = Assets.xcassets; sourceTree = "<group>"; };
		61581E7C23C375E1008177BA /* Base */ = {isa = PBXFileReference; lastKnownFileType = file.storyboard; name = Base; path = Base.lproj/LaunchScreen.storyboard; sourceTree = "<group>"; };
		61581E7E23C375E1008177BA /* Info.plist */ = {isa = PBXFileReference; lastKnownFileType = text.plist.xml; path = Info.plist; sourceTree = "<group>"; };
		61581E8323C375E1008177BA /* HBOTests.xctest */ = {isa = PBXFileReference; explicitFileType = wrapper.cfbundle; includeInIndex = 0; path = HBOTests.xctest; sourceTree = BUILT_PRODUCTS_DIR; };
		61581E8723C375E1008177BA /* HBOTests.swift */ = {isa = PBXFileReference; lastKnownFileType = sourcecode.swift; path = HBOTests.swift; sourceTree = "<group>"; };
		61581E8923C375E1008177BA /* Info.plist */ = {isa = PBXFileReference; lastKnownFileType = text.plist.xml; path = Info.plist; sourceTree = "<group>"; };
		61581E8E23C375E1008177BA /* HBOUITests.xctest */ = {isa = PBXFileReference; explicitFileType = wrapper.cfbundle; includeInIndex = 0; path = HBOUITests.xctest; sourceTree = BUILT_PRODUCTS_DIR; };
		61581E9223C375E1008177BA /* HBOUITests.swift */ = {isa = PBXFileReference; lastKnownFileType = sourcecode.swift; path = HBOUITests.swift; sourceTree = "<group>"; };
		61581E9423C375E1008177BA /* Info.plist */ = {isa = PBXFileReference; lastKnownFileType = text.plist.xml; path = Info.plist; sourceTree = "<group>"; };
/* End PBXFileReference section */

/* Begin PBXFrameworksBuildPhase section */
		61581E6C23C375E1008177BA /* Frameworks */ = {
			isa = PBXFrameworksBuildPhase;
			buildActionMask = 2147483647;
			files = (
			);
			runOnlyForDeploymentPostprocessing = 0;
		};
		61581E8023C375E1008177BA /* Frameworks */ = {
			isa = PBXFrameworksBuildPhase;
			buildActionMask = 2147483647;
			files = (
			);
			runOnlyForDeploymentPostprocessing = 0;
		};
		61581E8B23C375E1008177BA /* Frameworks */ = {
			isa = PBXFrameworksBuildPhase;
			buildActionMask = 2147483647;
			files = (
			);
			runOnlyForDeploymentPostprocessing = 0;
		};
/* End PBXFrameworksBuildPhase section */

/* Begin PBXGroup section */
		61581E6623C375E0008177BA = {
			isa = PBXGroup;
			children = (
				61581E7123C375E1008177BA /* HBO */,
				61581E8623C375E1008177BA /* HBOTests */,
				61581E9123C375E1008177BA /* HBOUITests */,
				61581E7023C375E1008177BA /* Products */,
			);
			sourceTree = "<group>";
		};
		61581E7023C375E1008177BA /* Products */ = {
			isa = PBXGroup;
			children = (
				61581E6F23C375E1008177BA /* HBO.app */,
				61581E8323C375E1008177BA /* HBOTests.xctest */,
				61581E8E23C375E1008177BA /* HBOUITests.xctest */,
			);
			name = Products;
			sourceTree = "<group>";
		};
		61581E7123C375E1008177BA /* HBO */ = {
			isa = PBXGroup;
			children = (
				61581E7223C375E1008177BA /* AppDelegate.swift */,
				61581E7423C375E1008177BA /* ViewController.swift */,
				61581E7623C375E1008177BA /* Main.storyboard */,
				61581E7923C375E1008177BA /* Assets.xcassets */,
				61581E7B23C375E1008177BA /* LaunchScreen.storyboard */,
				61581E7E23C375E1008177BA /* Info.plist */,
			);
			path = HBO;
			sourceTree = "<group>";
		};
		61581E8623C375E1008177BA /* HBOTests */ = {
			isa = PBXGroup;
			children = (
				61581E8723C375E1008177BA /* HBOTests.swift */,
				61581E8923C375E1008177BA /* Info.plist */,
			);
			path = HBOTests;
			sourceTree = "<group>";
		};
		61581E9123C375E1008177BA /* HBOUITests */ = {
			isa = PBXGroup;
			children = (
				61581E9223C375E1008177BA /* HBOUITests.swift */,
				61581E9423C375E1008177BA /* Info.plist */,
			);
			path = HBOUITests;
			sourceTree = "<group>";
		};
/* End PBXGroup section */

/* Begin PBXNativeTarget section */
		61581E6E23C375E1008177BA /* HBO */ = {
			isa = PBXNativeTarget;
			buildConfigurationList = 61581E9723C375E1008177BA /* Build configuration list for PBXNativeTarget "HBO" */;
			buildPhases = (
				61581E6B23C375E1008177BA /* Sources */,
				61581E6C23C375E1008177BA /* Frameworks */,
				61581E6D23C375E1008177BA /* Resources */,
			);
			buildRules = (
			);
			dependencies = (
			);
			name = HBO;
			productName = HBO;
			productReference = 61581E6F23C375E1008177BA /* HBO.app */;
			productType = "com.apple.product-type.application";
		};
		61581E8223C375E1008177BA /* HBOTests */ = {
			isa = PBXNativeTarget;
			buildConfigurationList = 61581E9A23C375E1008177BA /* Build configuration list for PBXNativeTarget "HBOTests" */;
			buildPhases = (
				61581E7F23C375E1008177BA /* Sources */,
				61581E8023C375E1008177BA /* Frameworks */,
				61581E8123C375E1008177BA /* Resources */,
			);
			buildRules = (
			);
			dependencies = (
				61581E8523C375E1008177BA /* PBXTargetDependency */,
			);
			name = HBOTests;
			productName = HBOTests;
			productReference = 61581E8323C375E1008177BA /* HBOTests.xctest */;
			productType = "com.apple.product-type.bundle.unit-test";
		};
		61581E8D23C375E1008177BA /* HBOUITests */ = {
			isa = PBXNativeTarget;
			buildConfigurationList = 61581E9D23C375E1008177BA /* Build configuration list for PBXNativeTarget "HBOUITests" */;
			buildPhases = (
				61581E8A23C375E1008177BA /* Sources */,
				61581E8B23C375E1008177BA /* Frameworks */,
				61581E8C23C375E1008177BA /* Resources */,
			);
			buildRules = (
			);
			dependencies = (
				61581E9023C375E1008177BA /* PBXTargetDependency */,
			);
			name = HBOUITests;
			productName = HBOUITests;
			productReference = 61581E8E23C375E1008177BA /* HBOUITests.xctest */;
			productType = "com.apple.product-type.bundle.ui-testing";
		};
/* End PBXNativeTarget section */

/* Begin PBXProject section */
		61581E6723C375E0008177BA /* Project object */ = {
			isa = PBXProject;
			attributes = {
				LastSwiftUpdateCheck = 1030;
				LastUpgradeCheck = 1030;
				ORGANIZATIONNAME = "Sasitha Dilshan";
				TargetAttributes = {
					61581E6E23C375E1008177BA = {
						CreatedOnToolsVersion = 10.3;
					};
					61581E8223C375E1008177BA = {
						CreatedOnToolsVersion = 10.3;
						TestTargetID = 61581E6E23C375E1008177BA;
					};
					61581E8D23C375E1008177BA = {
						CreatedOnToolsVersion = 10.3;
						TestTargetID = 61581E6E23C375E1008177BA;
					};
				};
			};
			buildConfigurationList = 61581E6A23C375E0008177BA /* Build configuration list for PBXProject "HBO" */;
			compatibilityVersion = "Xcode 9.3";
			developmentRegion = en;
			hasScannedForEncodings = 0;
			knownRegions = (
				en,
				Base,
			);
			mainGroup = 61581E6623C375E0008177BA;
			productRefGroup = 61581E7023C375E1008177BA /* Products */;
			projectDirPath = "";
			projectRoot = "";
			targets = (
				61581E6E23C375E1008177BA /* HBO */,
				61581E8223C375E1008177BA /* HBOTests */,
				61581E8D23C375E1008177BA /* HBOUITests */,
			);
		};
/* End PBXProject section */

/* Begin PBXResourcesBuildPhase section */
		61581E6D23C375E1008177BA /* Resources */ = {
			isa = PBXResourcesBuildPhase;
			buildActionMask = 2147483647;
			files = (
				61581E7D23C375E1008177BA /* LaunchScreen.storyboard in Resources */,
				61581E7A23C375E1008177BA /* Assets.xcassets in Resources */,
				61581E7823C375E1008177BA /* Main.storyboard in Resources */,
			);
			runOnlyForDeploymentPostprocessing = 0;
		};
		61581E8123C375E1008177BA /* Resources */ = {
			isa = PBXResourcesBuildPhase;
			buildActionMask = 2147483647;
			files = (
			);
			runOnlyForDeploymentPostprocessing = 0;
		};
		61581E8C23C375E1008177BA /* Resources */ = {
			isa = PBXResourcesBuildPhase;
			buildActionMask = 2147483647;
			files = (
			);
			runOnlyForDeploymentPostprocessing = 0;
		};
/* End PBXResourcesBuildPhase section */

/* Begin PBXSourcesBuildPhase section */
		61581E6B23C375E1008177BA /* Sources */ = {
			isa = PBXSourcesBuildPhase;
			buildActionMask = 2147483647;
			files = (
				61581E7523C375E1008177BA /* ViewController.swift in Sources */,
				61581E7323C375E1008177BA /* AppDelegate.swift in Sources */,
			);
			runOnlyForDeploymentPostprocessing = 0;
		};
		61581E7F23C375E1008177BA /* Sources */ = {
			isa = PBXSourcesBuildPhase;
			buildActionMask = 2147483647;
			files = (
				61581E8823C375E1008177BA /* HBOTests.swift in Sources */,
			);
			runOnlyForDeploymentPostprocessing = 0;
		};
		61581E8A23C375E1008177BA /* Sources */ = {
			isa = PBXSourcesBuildPhase;
			buildActionMask = 2147483647;
			files = (
				61581E9323C375E1008177BA /* HBOUITests.swift in Sources */,
			);
			runOnlyForDeploymentPostprocessing = 0;
		};
/* End PBXSourcesBuildPhase section */

/* Begin PBXTargetDependency section */
		61581E8523C375E1008177BA /* PBXTargetDependency */ = {
			isa = PBXTargetDependency;
			target = 61581E6E23C375E1008177BA /* HBO */;
			targetProxy = 61581E8423C375E1008177BA /* PBXContainerItemProxy */;
		};
		61581E9023C375E1008177BA /* PBXTargetDependency */ = {
			isa = PBXTargetDependency;
			target = 61581E6E23C375E1008177BA /* HBO */;
			targetProxy = 61581E8F23C375E1008177BA /* PBXContainerItemProxy */;
		};
/* End PBXTargetDependency section */

/* Begin PBXVariantGroup section */
		61581E7623C375E1008177BA /* Main.storyboard */ = {
			isa = PBXVariantGroup;
			children = (
				61581E7723C375E1008177BA /* Base */,
			);
			name = Main.storyboard;
			sourceTree = "<group>";
		};
		61581E7B23C375E1008177BA /* LaunchScreen.storyboard */ = {
			isa = PBXVariantGroup;
			children = (
				61581E7C23C375E1008177BA /* Base */,
			);
			name = LaunchScreen.storyboard;
			sourceTree = "<group>";
		};
/* End PBXVariantGroup section */

/* Begin XCBuildConfiguration section */
		61581E9523C375E1008177BA /* Debug */ = {
			isa = XCBuildConfiguration;
			buildSettings = {
				ALWAYS_SEARCH_USER_PATHS = NO;
				CLANG_ANALYZER_NONNULL = YES;
				CLANG_ANALYZER_NUMBER_OBJECT_CONVERSION = YES_AGGRESSIVE;
				CLANG_CXX_LANGUAGE_STANDARD = "gnu++14";
				CLANG_CXX_LIBRARY = "libc++";
				CLANG_ENABLE_MODULES = YES;
				CLANG_ENABLE_OBJC_ARC = YES;
				CLANG_ENABLE_OBJC_WEAK = YES;
				CLANG_WARN_BLOCK_CAPTURE_AUTORELEASING = YES;
				CLANG_WARN_BOOL_CONVERSION = YES;
				CLANG_WARN_COMMA = YES;
				CLANG_WARN_CONSTANT_CONVERSION = YES;
				CLANG_WARN_DEPRECATED_OBJC_IMPLEMENTATIONS = YES;
				CLANG_WARN_DIRECT_OBJC_ISA_USAGE = YES_ERROR;
				CLANG_WARN_DOCUMENTATION_COMMENTS = YES;
				CLANG_WARN_EMPTY_BODY = YES;
				CLANG_WARN_ENUM_CONVERSION = YES;
				CLANG_WARN_INFINITE_RECURSION = YES;
				CLANG_WARN_INT_CONVERSION = YES;
				CLANG_WARN_NON_LITERAL_NULL_CONVERSION = YES;
				CLANG_WARN_OBJC_IMPLICIT_RETAIN_SELF = YES;
				CLANG_WARN_OBJC_LITERAL_CONVERSION = YES;
				CLANG_WARN_OBJC_ROOT_CLASS = YES_ERROR;
				CLANG_WARN_RANGE_LOOP_ANALYSIS = YES;
				CLANG_WARN_STRICT_PROTOTYPES = YES;
				CLANG_WARN_SUSPICIOUS_MOVE = YES;
				CLANG_WARN_UNGUARDED_AVAILABILITY = YES_AGGRESSIVE;
				CLANG_WARN_UNREACHABLE_CODE = YES;
				CLANG_WARN__DUPLICATE_METHOD_MATCH = YES;
				CODE_SIGN_IDENTITY = "iPhone Developer";
				COPY_PHASE_STRIP = NO;
				DEBUG_INFORMATION_FORMAT = dwarf;
				ENABLE_STRICT_OBJC_MSGSEND = YES;
				ENABLE_TESTABILITY = YES;
				GCC_C_LANGUAGE_STANDARD = gnu11;
				GCC_DYNAMIC_NO_PIC = NO;
				GCC_NO_COMMON_BLOCKS = YES;
				GCC_OPTIMIZATION_LEVEL = 0;
				GCC_PREPROCESSOR_DEFINITIONS = (
					"DEBUG=1",
					"$(inherited)",
				);
				GCC_WARN_64_TO_32_BIT_CONVERSION = YES;
				GCC_WARN_ABOUT_RETURN_TYPE = YES_ERROR;
				GCC_WARN_UNDECLARED_SELECTOR = YES;
				GCC_WARN_UNINITIALIZED_AUTOS = YES_AGGRESSIVE;
				GCC_WARN_UNUSED_FUNCTION = YES;
				GCC_WARN_UNUSED_VARIABLE = YES;
				IPHONEOS_DEPLOYMENT_TARGET = 12.4;
				MTL_ENABLE_DEBUG_INFO = INCLUDE_SOURCE;
				MTL_FAST_MATH = YES;
				ONLY_ACTIVE_ARCH = YES;
				SDKROOT = iphoneos;
				SWIFT_ACTIVE_COMPILATION_CONDITIONS = DEBUG;
				SWIFT_OPTIMIZATION_LEVEL = "-Onone";
			};
			name = Debug;
		};
		61581E9623C375E1008177BA /* Release */ = {
			isa = XCBuildConfiguration;
			buildSettings = {
				ALWAYS_SEARCH_USER_PATHS = NO;
				CLANG_ANALYZER_NONNULL = YES;
				CLANG_ANALYZER_NUMBER_OBJECT_CONVERSION = YES_AGGRESSIVE;
				CLANG_CXX_LANGUAGE_STANDARD = "gnu++14";
				CLANG_CXX_LIBRARY = "libc++";
				CLANG_ENABLE_MODULES = YES;
				CLANG_ENABLE_OBJC_ARC = YES;
				CLANG_ENABLE_OBJC_WEAK = YES;
				CLANG_WARN_BLOCK_CAPTURE_AUTORELEASING = YES;
				CLANG_WARN_BOOL_CONVERSION = YES;
				CLANG_WARN_COMMA = YES;
				CLANG_WARN_CONSTANT_CONVERSION = YES;
				CLANG_WARN_DEPRECATED_OBJC_IMPLEMENTATIONS = YES;
				CLANG_WARN_DIRECT_OBJC_ISA_USAGE = YES_ERROR;
				CLANG_WARN_DOCUMENTATION_COMMENTS = YES;
				CLANG_WARN_EMPTY_BODY = YES;
				CLANG_WARN_ENUM_CONVERSION = YES;
				CLANG_WARN_INFINITE_RECURSION = YES;
				CLANG_WARN_INT_CONVERSION = YES;
				CLANG_WARN_NON_LITERAL_NULL_CONVERSION = YES;
				CLANG_WARN_OBJC_IMPLICIT_RETAIN_SELF = YES;
				CLANG_WARN_OBJC_LITERAL_CONVERSION = YES;
				CLANG_WARN_OBJC_ROOT_CLASS = YES_ERROR;
				CLANG_WARN_RANGE_LOOP_ANALYSIS = YES;
				CLANG_WARN_STRICT_PROTOTYPES = YES;
				CLANG_WARN_SUSPICIOUS_MOVE = YES;
				CLANG_WARN_UNGUARDED_AVAILABILITY = YES_AGGRESSIVE;
				CLANG_WARN_UNREACHABLE_CODE = YES;
				CLANG_WARN__DUPLICATE_METHOD_MATCH = YES;
				CODE_SIGN_IDENTITY = "iPhone Developer";
				COPY_PHASE_STRIP = NO;
				DEBUG_INFORMATION_FORMAT = "dwarf-with-dsym";
				ENABLE_NS_ASSERTIONS = NO;
				ENABLE_STRICT_OBJC_MSGSEND = YES;
				GCC_C_LANGUAGE_STANDARD = gnu11;
				GCC_NO_COMMON_BLOCKS = YES;
				GCC_WARN_64_TO_32_BIT_CONVERSION = YES;
				GCC_WARN_ABOUT_RETURN_TYPE = YES_ERROR;
				GCC_WARN_UNDECLARED_SELECTOR = YES;
				GCC_WARN_UNINITIALIZED_AUTOS = YES_AGGRESSIVE;
				GCC_WARN_UNUSED_FUNCTION = YES;
				GCC_WARN_UNUSED_VARIABLE = YES;
				IPHONEOS_DEPLOYMENT_TARGET = 12.4;
				MTL_ENABLE_DEBUG_INFO = NO;
				MTL_FAST_MATH = YES;
				SDKROOT = iphoneos;
				SWIFT_COMPILATION_MODE = wholemodule;
				SWIFT_OPTIMIZATION_LEVEL = "-O";
				VALIDATE_PRODUCT = YES;
			};
			name = Release;
		};
		61581E9823C375E1008177BA /* Debug */ = {
			isa = XCBuildConfiguration;
			buildSettings = {
				ASSETCATALOG_COMPILER_APPICON_NAME = AppIcon;
				CODE_SIGN_STYLE = Automatic;
				INFOPLIST_FILE = HBO/Info.plist;
				LD_RUNPATH_SEARCH_PATHS = (
					"$(inherited)",
					"@executable_path/Frameworks",
				);
				PRODUCT_BUNDLE_IDENTIFIER = com.test.HBO;
				PRODUCT_NAME = "$(TARGET_NAME)";
				SWIFT_VERSION = 5.0;
				TARGETED_DEVICE_FAMILY = "1,2";
			};
			name = Debug;
		};
		61581E9923C375E1008177BA /* Release */ = {
			isa = XCBuildConfiguration;
			buildSettings = {
				ASSETCATALOG_COMPILER_APPICON_NAME = AppIcon;
				CODE_SIGN_STYLE = Automatic;
				INFOPLIST_FILE = HBO/Info.plist;
				LD_RUNPATH_SEARCH_PATHS = (
					"$(inherited)",
					"@executable_path/Frameworks",
				);
				PRODUCT_BUNDLE_IDENTIFIER = com.test.HBO;
				PRODUCT_NAME = "$(TARGET_NAME)";
				SWIFT_VERSION = 5.0;
				TARGETED_DEVICE_FAMILY = "1,2";
			};
			name = Release;
		};
		61581E9B23C375E1008177BA /* Debug */ = {
			isa = XCBuildConfiguration;
			buildSettings = {
				ALWAYS_EMBED_SWIFT_STANDARD_LIBRARIES = YES;
				BUNDLE_LOADER = "$(TEST_HOST)";
				CODE_SIGN_STYLE = Automatic;
				INFOPLIST_FILE = HBOTests/Info.plist;
				LD_RUNPATH_SEARCH_PATHS = (
					"$(inherited)",
					"@executable_path/Frameworks",
					"@loader_path/Frameworks",
				);
				PRODUCT_BUNDLE_IDENTIFIER = com.test.HBOTests;
				PRODUCT_NAME = "$(TARGET_NAME)";
				SWIFT_VERSION = 5.0;
				TARGETED_DEVICE_FAMILY = "1,2";
				TEST_HOST = "$(BUILT_PRODUCTS_DIR)/HBO.app/HBO";
			};
			name = Debug;
		};
		61581E9C23C375E1008177BA /* Release */ = {
			isa = XCBuildConfiguration;
			buildSettings = {
				ALWAYS_EMBED_SWIFT_STANDARD_LIBRARIES = YES;
				BUNDLE_LOADER = "$(TEST_HOST)";
				CODE_SIGN_STYLE = Automatic;
				INFOPLIST_FILE = HBOTests/Info.plist;
				LD_RUNPATH_SEARCH_PATHS = (
					"$(inherited)",
					"@executable_path/Frameworks",
					"@loader_path/Frameworks",
				);
				PRODUCT_BUNDLE_IDENTIFIER = com.test.HBOTests;
				PRODUCT_NAME = "$(TARGET_NAME)";
				SWIFT_VERSION = 5.0;
				TARGETED_DEVICE_FAMILY = "1,2";
				TEST_HOST = "$(BUILT_PRODUCTS_DIR)/HBO.app/HBO";
			};
			name = Release;
		};
		61581E9E23C375E1008177BA /* Debug */ = {
			isa = XCBuildConfiguration;
			buildSettings = {
				ALWAYS_EMBED_SWIFT_STANDARD_LIBRARIES = YES;
				CODE_SIGN_STYLE = Automatic;
				INFOPLIST_FILE = HBOUITests/Info.plist;
				LD_RUNPATH_SEARCH_PATHS = (
					"$(inherited)",
					"@executable_path/Frameworks",
					"@loader_path/Frameworks",
				);
				PRODUCT_BUNDLE_IDENTIFIER = com.test.HBOUITests;
				PRODUCT_NAME = "$(TARGET_NAME)";
				SWIFT_VERSION = 5.0;
				TARGETED_DEVICE_FAMILY = "1,2";
				TEST_TARGET_NAME = HBO;
			};
			name = Debug;
		};
		61581E9F23C375E1008177BA /* Release */ = {
			isa = XCBuildConfiguration;
			buildSettings = {
				ALWAYS_EMBED_SWIFT_STANDARD_LIBRARIES = YES;
				CODE_SIGN_STYLE = Automatic;
				INFOPLIST_FILE = HBOUITests/Info.plist;
				LD_RUNPATH_SEARCH_PATHS = (
					"$(inherited)",
					"@executable_path/Frameworks",
					"@loader_path/Frameworks",
				);
				PRODUCT_BUNDLE_IDENTIFIER = com.test.HBOUITests;
				PRODUCT_NAME = "$(TARGET_NAME)";
				SWIFT_VERSION = 5.0;
				TARGETED_DEVICE_FAMILY = "1,2";
				TEST_TARGET_NAME = HBO;
			};
			name = Release;
		};
/* End XCBuildConfiguration section */

/* Begin XCConfigurationList section */
		61581E6A23C375E0008177BA /* Build configuration list for PBXProject "HBO" */ = {
			isa = XCConfigurationList;
			buildConfigurations = (
				61581E9523C375E1008177BA /* Debug */,
				61581E9623C375E1008177BA /* Release */,
			);
			defaultConfigurationIsVisible = 0;
			defaultConfigurationName = Release;
		};
		61581E9723C375E1008177BA /* Build configuration list for PBXNativeTarget "HBO" */ = {
			isa = XCConfigurationList;
			buildConfigurations = (
				61581E9823C375E1008177BA /* Debug */,
				61581E9923C375E1008177BA /* Release */,
			);
			defaultConfigurationIsVisible = 0;
			defaultConfigurationName = Release;
		};
		61581E9A23C375E1008177BA /* Build configuration list for PBXNativeTarget "HBOTests" */ = {
			isa = XCConfigurationList;
			buildConfigurations = (
				61581E9B23C375E1008177BA /* Debug */,
				61581E9C23C375E1008177BA /* Release */,
			);
			defaultConfigurationIsVisible = 0;
			defaultConfigurationName = Release;
		};
		61581E9D23C375E1008177BA /* Build configuration list for PBXNativeTarget "HBOUITests" */ = {
			isa = XCConfigurationList;
			buildConfigurations = (
				61581E9E23C375E1008177BA /* Debug */,
				61581E9F23C375E1008177BA /* Release */,
			);
			defaultConfigurationIsVisible = 0;
			defaultConfigurationName = Release;
		};
/* End XCConfigurationList section */
	};
	rootObject = 61581E6723C375E0008177BA /* Project object */;
}
